github.com/FollowTheProcess/cli v0.10.0 h1:C0NXCevm9B93xB4eWRqW3jALnhF+04Ag7oCH2re8iaQ=
github.com/FollowTheProcess/cli v0.10.0/go.mod h1:p3rImroDhYdrZXFRs8MUc2MHmEIWmegZGly7b3M3jL0=
github.com/FollowTheProcess/msg v1.3.0 h1:0wyDhyvd+jzjgrJNxObJPgDvO4nJAjfnf63xx5s5FYw=
github.com/FollowTheProcess/msg v1.3.0/go.mod h1:MfbeMtID8OAN3/p+Vorjw+EV/EdTy/NLSWqRYdScNDQ=
github.com/FollowTheProcess/snapshot v0.1.0 h1:G5tWpBXVre6cTrmN1OWZLiTnqEi9IKLiewtQQYOnQqc=
github.com/FollowTheProcess/snapshot v0.1.0/go.mod h1:sJv2oq83QK5Yj6+JVts8fQIaAJjQfsxN/WtGqX8oKIg=
github.com/FollowTheProcess/test v0.19.0 h1:i++iKVeW/9Iqb1ugcUySJQokPYYTiBw1w/WJsbDGcLE=
github.com/FollowTheProcess/test v0.19.0/go.mod h1:xjHgNt/iauUan608J2rR4G1RBDK1kKb9tkNdXSyKK1E=
github.com/FollowTheProcess/txtar v0.1.0 h1:/8R0kBhxhiH0Nt2FdVXoMoboUk3svqKGXMuRETqNS7U=
github.com/FollowTheProcess/txtar v0.1.0/go.mod h1:Tte3F8MnyAG4UKTYZ4mKnnMQkJXKgxxU+3m/xLp8PTw=
golang.org/x/tools v0.28.0 h1:WuB6qZ4RPCQo5aP3WdKZS7i595EdWqWR8vqJTlwTVK8=
golang.org/x/tools v0.28.0/go.mod h1:dcIOrVd3mfQKTgrDVQHqCPMWy6lnhfhtX3hLXYVLfRw=
