github.com/FollowTheProcess/cli v0.13.0 h1:FRW4R16wZIX/o/mFduPU70wWVQTRea5CcHD00Hdm2rw=
github.com/FollowTheProcess/cli v0.13.0/go.mod h1:xO6uc81RNHVrFe2Vu+AjLWgLUh7GGx0lz/h7Bqt6URU=
github.com/FollowTheProcess/hue v0.5.1 h1:Q+1xbRTG3tzLIIOq3316dCsvoN3eUrcZy6Vfm1mzDjI=
github.com/FollowTheProcess/hue v0.5.1/go.mod h1:7E7L4ybEYTyZpGnQUWvbk7UjIvCX1bbj7JE4VaNLrkg=
github.com/FollowTheProcess/msg v1.6.0 h1:uIInVNziFtYbgagGui5HVOt+KpVl6/DgegKW/dulpq8=
github.com/FollowTheProcess/msg v1.6.0/go.mod h1:iGOUNRWjzwbZaJovQy4OvwNizhS8uF0wYGGDWJmXfX0=
github.com/FollowTheProcess/snapshot v0.4.1 h1:WIwvs+yZrK9886frLbNB98QWkAXTjIGnuvEjURHOrtE=
github.com/FollowTheProcess/snapshot v0.4.1/go.mod h1:hb3V3azvp8FVrl4pvyhvq/ZYOnFSgyKHfXt96Jgg4e0=
github.com/FollowTheProcess/test v0.20.3 h1:/i0nbChNxndRC+p1STycnf6WhmLcOT4rd3D63QXcodw=
github.com/FollowTheProcess/test v0.20.3/go.mod h1:mgq0jCuYg43AnSaKsPAhs8GxKKJf0RxPP0EoqhswXWE=
github.com/FollowTheProcess/txtar v0.5.0 h1:CqWmMymkgsFid7EoRAxEMIXryxmmV/LhsfDrq9JMSVY=
github.com/FollowTheProcess/txtar v0.5.0/go.mod h1:AnlB34itYqpAjr/ognxVq0ja0TOtTH62RIbBlcWyliY=
github.com/FollowTheProcess/txtar v0.7.0 h1:MLd413BzC5yy4HBBiARhz3BAJ5r8Vm6CHER2koRlmEU=
github.com/FollowTheProcess/txtar v0.7.0/go.mod h1:qX6DJLp1EgdKAbDkhF+P+yhWLvserXwtEfdy3Z/xeEQ=
golang.org/x/sys v0.30.0 h1:QjkSwP/36a20jFYWkSue1YwXzLmsV5Gfq7Eiy72C1uc=
golang.org/x/sys v0.30.0/go.mod h1:/VUhepiaJMQUp4+oa/7Zr1D23ma6VTLIYjOOTFZPUcA=
golang.org/x/sys v0.31.0 h1:ioabZlmFYtWhL+TRYpcnNlLwhyxaM9kWTDEmfnprqik=
golang.org/x/sys v0.31.0/go.mod h1:BJP2sWEmIv4KK5OTEluFJCKSidICx8ciO85XgH3Ak8k=
golang.org/x/term v0.29.0 h1:L6pJp37ocefwRRtYPKSWOWzOtWSxVajvz2ldH/xi3iU=
golang.org/x/term v0.29.0/go.mod h1:6bl4lRlvVuDgSf3179VpIxBF0o10JUpXWOnI7nErv7s=
golang.org/x/term v0.30.0 h1:PQ39fJZ+mfadBm0y5WlL4vlM7Sx1Hgf13sMIY2+QS9Y=
golang.org/x/term v0.30.0/go.mod h1:NYYFdzHoI5wRh/h5tDMdMqCqPJZEuNqVR5xJLd/n67g=
golang.org/x/tools v0.30.0 h1:BgcpHewrV5AUp2G9MebG4XPFI1E2W41zU1SaqVA9vJY=
golang.org/x/tools v0.30.0/go.mod h1:c347cR/OJfw5TI+GfX7RUPNMdDRRbjvYTS0jPyvsVtY=
