go.followtheprocess.codes/cli v0.18.0 h1:lOf/ENPGmkIy+gaSQjde2/KF76rVWSZs6OWh0b9a+2E=
go.followtheprocess.codes/cli v0.18.0/go.mod h1:ne10OqfFoZgMX2Q6XDrd25qHKqD2iPVQqQubniRdfBk=
go.followtheprocess.codes/cli v0.18.1 h1:608jTB3EgRQWo/4+eDN6PITl5wrCDIcwLwM2bJ+iXfs=
go.followtheprocess.codes/cli v0.18.1/go.mod h1:9rT0xkZuUZRWFHc4cHu//BcYLC2/cXS3cVu7BCpRSv4=
go.followtheprocess.codes/cli v0.18.2 h1:0RpYgNRulSPEOzaZ4NuICAF4gXQWswLhkzttEMoazPk=
go.followtheprocess.codes/cli v0.18.2/go.mod h1:tvsJ6OdWN4qiiunbM4DiGLGFu2GY0LCj1XQqn+Isnxk=
go.followtheprocess.codes/cli v0.18.3 h1:B15Ho/4eMZGrAPjR1vuG3LFKLoJVMc8J6Ydrg5Dlyaw=
go.followtheprocess.codes/cli v0.18.3/go.mod h1:wmv+04ywMsWqyJXyIEW1c4Z6qhrvjWK5prE6QWVCUKM=
go.followtheprocess.codes/hue v1.0.0 h1:0fYXAGR1o+w7Vja+Q+iVtqeEP3/CE6ET/pniyl8e9yo=
go.followtheprocess.codes/hue v1.0.0/go.mod h1:gSn5xK6KJapih+eFgQk3woo1qg3/rx9XSrAanUIuDr8=
go.followtheprocess.codes/msg v1.9.2 h1:h97UeKDW23PncdM+7U91Q763Uq+QwJjVRj/NdIlREj0=
go.followtheprocess.codes/msg v1.9.2/go.mod h1:/x18lCt8uyCWwrfMBXJkb4cV1yG9ipK++yoYECtU1tw=
go.followtheprocess.codes/snapshot v0.6.1 h1:cZkQtEjL21BSrHn98Lm0S4yTzcOje/K60Iog/u/A5tM=
go.followtheprocess.codes/snapshot v0.6.1/go.mod h1:CM2E92Ah/j0XL4Z2UyOl7GlSuD0ZLLl8rJCpFylKcIg=
go.followtheprocess.codes/test v1.0.0 h1:5m2MPOQpohDC9pf5hgqpH+4ldJP5g+YFVdoGQY41aeU=
go.followtheprocess.codes/test v1.0.0/go.mod h1:e627pR8IhsTV/RfuP/WKYjyL0BmuIbmaw2iKlQBCWrY=
go.followtheprocess.codes/test v1.1.0 h1:1v2JyMd3STr7dIXzcHEhct2qvS8/mTtGYbSyhpReciI=
go.followtheprocess.codes/test v1.1.0/go.mod h1:BHZi5SZahJw01xcuc7EgrlyzX7zJLXAWy11rOR9geVw=
go.followtheprocess.codes/txtar v0.8.0 h1:vQJbo/asKBpuzub+Wok6vKr9lPt+Q8qdY7mPEPYZbHg=
go.followtheprocess.codes/txtar v0.8.0/go.mod h1:hi6y/ZExrTIZ7BzydWIIdsxrWd1WX0cY3a7c+ibLl5E=
golang.org/x/sys v0.38.0 h1:3yZWxaJjBmCWXqhN1qh02AkOnCQ1poK6oF+a7xWL6Gc=
golang.org/x/sys v0.38.0/go.mod h1:OgkHotnGiDImocRcuBABYBEXf8A9a87e/uXjp9XT3ks=
golang.org/x/sys v0.39.0 h1:CvCKL8MeisomCi6qNZ+wbb0DN9E5AATixKsvNtMoMFk=
golang.org/x/sys v0.39.0/go.mod h1:OgkHotnGiDImocRcuBABYBEXf8A9a87e/uXjp9XT3ks=
golang.org/x/term v0.37.0 h1:8EGAD0qCmHYZg6J17DvsMy9/wJ7/D/4pV/wfnld5lTU=
golang.org/x/term v0.37.0/go.mod h1:5pB4lxRNYYVZuTLmy8oR2BH8dflOR+IbTYFD8fi3254=
golang.org/x/term v0.38.0 h1:PQ5pkm/rLO6HnxFR7N2lJHOZX6Kez5Y1gDSJla6jo7Q=
golang.org/x/term v0.38.0/go.mod h1:bSEAKrOT1W+VSu9TSCMtoGEOUcKxOKgl3LE5QEF/xVg=
golang.org/x/tools v0.38.0 h1:Hx2Xv8hISq8Lm16jvBZ2VQf+RLmbd7wVUsALibYI/IQ=
golang.org/x/tools v0.38.0/go.mod h1:yEsQ/d/YK8cjh0L6rZlY8tgtlKiBNTL14pGDJPJpYQs=
